
Microsoft Visual Studio Solution File, Format Version 12.00
# Visual Studio Version 17
VisualStudioVersion = 17.14.36212.18 d17.14
MinimumVisualStudioVersion = 10.0.40219.1
Project("{FAE04EC0-301F-11D3-BF4B-00C04F79EFBC}") = "UsuariosApp.API", "UsuariosApp.API\UsuariosApp.API.csproj", "{C80CDBE6-1789-41DE-9605-C92F4D7DC21C}"
EndProject
Global
	GlobalSection(SolutionConfigurationPlatforms) = preSolution
		Debug|Any CPU = Debug|Any CPU
		Release|Any CPU = Release|Any CPU
	EndGlobalSection
	GlobalSection(ProjectConfigurationPlatforms) = postSolution
		{C80CDBE6-1789-41DE-9605-C92F4D7DC21C}.Debug|Any CPU.ActiveCfg = Debug|Any CPU
		{C80CDBE6-1789-41DE-9605-C92F4D7DC21C}.Debug|Any CPU.Build.0 = Debug|Any CPU
		{C80CDBE6-1789-41DE-9605-C92F4D7DC21C}.Release|Any CPU.ActiveCfg = Release|Any CPU
		{C80CDBE6-1789-41DE-9605-C92F4D7DC21C}.Release|Any CPU.Build.0 = Release|Any CPU
	EndGlobalSection
	GlobalSection(SolutionProperties) = preSolution
		HideSolutionNode = FALSE
	EndGlobalSection
	GlobalSection(ExtensibilityGlobals) = postSolution
		SolutionGuid = {07FA449E-CE45-40F4-A46D-5E1C8F9BB670}
	EndGlobalSection
EndGlobal
